
Microsoft Visual Studio Solution File, Format Version 12.00
# Visual Studio Version 17
VisualStudioVersion = 17.2.32616.157
MinimumVisualStudioVersion = 10.0.40219.1
Project("{FAE04EC0-301F-11D3-BF4B-00C04F79EFBC}") = "VariablesExercise", "VariablesExercise\VariablesExercise.csproj", "{1130E0AB-CDF4-46D6-A7FD-AEDD8C2EFF51}"
EndProject
Global
	GlobalSection(SolutionConfigurationPlatforms) = preSolution
		Debug|Any CPU = Debug|Any CPU
		Release|Any CPU = Release|Any CPU
	EndGlobalSection
	GlobalSection(ProjectConfigurationPlatforms) = postSolution
		{1130E0AB-CDF4-46D6-A7FD-AEDD8C2EFF51}.Debug|Any CPU.ActiveCfg = Debug|Any CPU
		{1130E0AB-CDF4-46D6-A7FD-AEDD8C2EFF51}.Debug|Any CPU.Build.0 = Debug|Any CPU
		{1130E0AB-CDF4-46D6-A7FD-AEDD8C2EFF51}.Release|Any CPU.ActiveCfg = Release|Any CPU
		{1130E0AB-CDF4-46D6-A7FD-AEDD8C2EFF51}.Release|Any CPU.Build.0 = Release|Any CPU
	EndGlobalSection
	GlobalSection(SolutionProperties) = preSolution
		HideSolutionNode = FALSE
	EndGlobalSection
	GlobalSection(ExtensibilityGlobals) = postSolution
		SolutionGuid = {161C874F-0431-4A5A-94EF-F76D9FFAD024}
	EndGlobalSection
EndGlobal
